
Microsoft Visual Studio Solution File, Format Version 12.00
# Visual Studio Version 16
VisualStudioVersion = 16.0.31019.35
MinimumVisualStudioVersion = 10.0.40219.1
Project("{FAE04EC0-301F-11D3-BF4B-00C04F79EFBC}") = "WpfRoutedEvent_2_2", "WpfRoutedEvent_2_2\WpfRoutedEvent_2_2.csproj", "{13F19022-96B6-4ED2-92BA-C930B7341332}"
EndProject
Global
	GlobalSection(SolutionConfigurationPlatforms) = preSolution
		Debug|Any CPU = Debug|Any CPU
		Release|Any CPU = Release|Any CPU
	EndGlobalSection
	GlobalSection(ProjectConfigurationPlatforms) = postSolution
		{13F19022-96B6-4ED2-92BA-C930B7341332}.Debug|Any CPU.ActiveCfg = Debug|Any CPU
		{13F19022-96B6-4ED2-92BA-C930B7341332}.Debug|Any CPU.Build.0 = Debug|Any CPU
		{13F19022-96B6-4ED2-92BA-C930B7341332}.Release|Any CPU.ActiveCfg = Release|Any CPU
		{13F19022-96B6-4ED2-92BA-C930B7341332}.Release|Any CPU.Build.0 = Release|Any CPU
	EndGlobalSection
	GlobalSection(SolutionProperties) = preSolution
		HideSolutionNode = FALSE
	EndGlobalSection
	GlobalSection(ExtensibilityGlobals) = postSolution
		SolutionGuid = {CEF96DCB-F9D5-4506-8F35-D380BF7553C3}
	EndGlobalSection
EndGlobal
