
Microsoft Visual Studio Solution File, Format Version 12.00
# Visual Studio Version 16
VisualStudioVersion = 16.0.31019.35
MinimumVisualStudioVersion = 10.0.40219.1
Project("{FAE04EC0-301F-11D3-BF4B-00C04F79EFBC}") = "Ink Pad", "Ink Pad\Ink Pad.csproj", "{8C71462A-AF5D-4329-95A3-763F522B65B0}"
EndProject
Global
	GlobalSection(SolutionConfigurationPlatforms) = preSolution
		Debug|Any CPU = Debug|Any CPU
		Release|Any CPU = Release|Any CPU
	EndGlobalSection
	GlobalSection(ProjectConfigurationPlatforms) = postSolution
		{8C71462A-AF5D-4329-95A3-763F522B65B0}.Debug|Any CPU.ActiveCfg = Debug|Any CPU
		{8C71462A-AF5D-4329-95A3-763F522B65B0}.Debug|Any CPU.Build.0 = Debug|Any CPU
		{8C71462A-AF5D-4329-95A3-763F522B65B0}.Release|Any CPU.ActiveCfg = Release|Any CPU
		{8C71462A-AF5D-4329-95A3-763F522B65B0}.Release|Any CPU.Build.0 = Release|Any CPU
	EndGlobalSection
	GlobalSection(SolutionProperties) = preSolution
		HideSolutionNode = FALSE
	EndGlobalSection
	GlobalSection(ExtensibilityGlobals) = postSolution
		SolutionGuid = {EDB2FC27-46AA-4F2D-A63E-EC8CCD6B87E8}
	EndGlobalSection
EndGlobal
